
Microsoft Visual Studio Solution File, Format Version 12.00
# Visual Studio 14
VisualStudioVersion = 14.0.25420.1
MinimumVisualStudioVersion = 10.0.40219.1
Project("{FAE04EC0-301F-11D3-BF4B-00C04F79EFBC}") = "jASH", "jASH\jASH.csproj", "{2963AB2F-749A-48FF-A07A-43C89F67AB77}"
EndProject
Project("{FAE04EC0-301F-11D3-BF4B-00C04F79EFBC}") = "Twitch.API", "Twitch.API\Twitch.API.csproj", "{A179DE44-EF19-4590-B8B1-84344C76D52E}"
EndProject
Global
	GlobalSection(SolutionConfigurationPlatforms) = preSolution
		Debug x64|Any CPU = Debug x64|Any CPU
		Debug x64|x64 = Debug x64|x64
		Debug x64|x86 = Debug x64|x86
		Debug|Any CPU = Debug|Any CPU
		Debug|x64 = Debug|x64
		Debug|x86 = Debug|x86
		Release x64|Any CPU = Release x64|Any CPU
		Release x64|x64 = Release x64|x64
		Release x64|x86 = Release x64|x86
		Release|Any CPU = Release|Any CPU
		Release|x64 = Release|x64
		Release|x86 = Release|x86
	EndGlobalSection
	GlobalSection(ProjectConfigurationPlatforms) = postSolution
		{2963AB2F-749A-48FF-A07A-43C89F67AB77}.Debug x64|Any CPU.ActiveCfg = Debug|Any CPU
		{2963AB2F-749A-48FF-A07A-43C89F67AB77}.Debug x64|Any CPU.Build.0 = Debug|Any CPU
		{2963AB2F-749A-48FF-A07A-43C89F67AB77}.Debug x64|x64.ActiveCfg = Debug|Any CPU
		{2963AB2F-749A-48FF-A07A-43C89F67AB77}.Debug x64|x64.Build.0 = Debug|Any CPU
		{2963AB2F-749A-48FF-A07A-43C89F67AB77}.Debug x64|x86.ActiveCfg = Debug|Any CPU
		{2963AB2F-749A-48FF-A07A-43C89F67AB77}.Debug x64|x86.Build.0 = Debug|Any CPU
		{2963AB2F-749A-48FF-A07A-43C89F67AB77}.Debug|Any CPU.ActiveCfg = Debug|Any CPU
		{2963AB2F-749A-48FF-A07A-43C89F67AB77}.Debug|Any CPU.Build.0 = Debug|Any CPU
		{2963AB2F-749A-48FF-A07A-43C89F67AB77}.Debug|x64.ActiveCfg = Debug|Any CPU
		{2963AB2F-749A-48FF-A07A-43C89F67AB77}.Debug|x64.Build.0 = Debug|Any CPU
		{2963AB2F-749A-48FF-A07A-43C89F67AB77}.Debug|x86.ActiveCfg = Debug|Any CPU
		{2963AB2F-749A-48FF-A07A-43C89F67AB77}.Debug|x86.Build.0 = Debug|Any CPU
		{2963AB2F-749A-48FF-A07A-43C89F67AB77}.Release x64|Any CPU.ActiveCfg = Release|Any CPU
		{2963AB2F-749A-48FF-A07A-43C89F67AB77}.Release x64|Any CPU.Build.0 = Release|Any CPU
		{2963AB2F-749A-48FF-A07A-43C89F67AB77}.Release x64|x64.ActiveCfg = Release|Any CPU
		{2963AB2F-749A-48FF-A07A-43C89F67AB77}.Release x64|x64.Build.0 = Release|Any CPU
		{2963AB2F-749A-48FF-A07A-43C89F67AB77}.Release x64|x86.ActiveCfg = Release|Any CPU
		{2963AB2F-749A-48FF-A07A-43C89F67AB77}.Release x64|x86.Build.0 = Release|Any CPU
		{2963AB2F-749A-48FF-A07A-43C89F67AB77}.Release|Any CPU.ActiveCfg = Release|Any CPU
		{2963AB2F-749A-48FF-A07A-43C89F67AB77}.Release|Any CPU.Build.0 = Release|Any CPU
		{2963AB2F-749A-48FF-A07A-43C89F67AB77}.Release|x64.ActiveCfg = Release|Any CPU
		{2963AB2F-749A-48FF-A07A-43C89F67AB77}.Release|x64.Build.0 = Release|Any CPU
		{2963AB2F-749A-48FF-A07A-43C89F67AB77}.Release|x86.ActiveCfg = Release|Any CPU
		{2963AB2F-749A-48FF-A07A-43C89F67AB77}.Release|x86.Build.0 = Release|Any CPU
		{A179DE44-EF19-4590-B8B1-84344C76D52E}.Debug x64|Any CPU.ActiveCfg = Debug x64|Any CPU
		{A179DE44-EF19-4590-B8B1-84344C76D52E}.Debug x64|Any CPU.Build.0 = Debug x64|Any CPU
		{A179DE44-EF19-4590-B8B1-84344C76D52E}.Debug x64|x64.ActiveCfg = Debug x64|x64
		{A179DE44-EF19-4590-B8B1-84344C76D52E}.Debug x64|x64.Build.0 = Debug x64|x64
		{A179DE44-EF19-4590-B8B1-84344C76D52E}.Debug x64|x86.ActiveCfg = Debug x64|x86
		{A179DE44-EF19-4590-B8B1-84344C76D52E}.Debug x64|x86.Build.0 = Debug x64|x86
		{A179DE44-EF19-4590-B8B1-84344C76D52E}.Debug|Any CPU.ActiveCfg = Debug|Any CPU
		{A179DE44-EF19-4590-B8B1-84344C76D52E}.Debug|Any CPU.Build.0 = Debug|Any CPU
		{A179DE44-EF19-4590-B8B1-84344C76D52E}.Debug|x64.ActiveCfg = Debug|x64
		{A179DE44-EF19-4590-B8B1-84344C76D52E}.Debug|x64.Build.0 = Debug|x64
		{A179DE44-EF19-4590-B8B1-84344C76D52E}.Debug|x86.ActiveCfg = Debug|x86
		{A179DE44-EF19-4590-B8B1-84344C76D52E}.Debug|x86.Build.0 = Debug|x86
		{A179DE44-EF19-4590-B8B1-84344C76D52E}.Release x64|Any CPU.ActiveCfg = Release x64|Any CPU
		{A179DE44-EF19-4590-B8B1-84344C76D52E}.Release x64|Any CPU.Build.0 = Release x64|Any CPU
		{A179DE44-EF19-4590-B8B1-84344C76D52E}.Release x64|x64.ActiveCfg = Release x64|x64
		{A179DE44-EF19-4590-B8B1-84344C76D52E}.Release x64|x64.Build.0 = Release x64|x64
		{A179DE44-EF19-4590-B8B1-84344C76D52E}.Release x64|x86.ActiveCfg = Release x64|x86
		{A179DE44-EF19-4590-B8B1-84344C76D52E}.Release x64|x86.Build.0 = Release x64|x86
		{A179DE44-EF19-4590-B8B1-84344C76D52E}.Release|Any CPU.ActiveCfg = Release|Any CPU
		{A179DE44-EF19-4590-B8B1-84344C76D52E}.Release|Any CPU.Build.0 = Release|Any CPU
		{A179DE44-EF19-4590-B8B1-84344C76D52E}.Release|x64.ActiveCfg = Release|x64
		{A179DE44-EF19-4590-B8B1-84344C76D52E}.Release|x64.Build.0 = Release|x64
		{A179DE44-EF19-4590-B8B1-84344C76D52E}.Release|x86.ActiveCfg = Release|x86
		{A179DE44-EF19-4590-B8B1-84344C76D52E}.Release|x86.Build.0 = Release|x86
	EndGlobalSection
	GlobalSection(SolutionProperties) = preSolution
		HideSolutionNode = FALSE
	EndGlobalSection
EndGlobal
